
Microsoft Visual Studio Solution File, Format Version 12.00
# Visual Studio Version 17
VisualStudioVersion = 17.5.002.0
MinimumVisualStudioVersion = 10.0.40219.1
Project("{9A19103F-16F7-4668-BE54-9A1E7A4F7556}") = "WasmOfficeExperemental", "WasmOfficeExperemental.csproj", "{58B5CF8A-870D-472C-A150-9C341A90AF8C}"
EndProject
Global
	GlobalSection(SolutionConfigurationPlatforms) = preSolution
		Debug|Any CPU = Debug|Any CPU
		Release|Any CPU = Release|Any CPU
	EndGlobalSection
	GlobalSection(ProjectConfigurationPlatforms) = postSolution
		{58B5CF8A-870D-472C-A150-9C341A90AF8C}.Debug|Any CPU.ActiveCfg = Debug|Any CPU
		{58B5CF8A-870D-472C-A150-9C341A90AF8C}.Debug|Any CPU.Build.0 = Debug|Any CPU
		{58B5CF8A-870D-472C-A150-9C341A90AF8C}.Release|Any CPU.ActiveCfg = Release|Any CPU
		{58B5CF8A-870D-472C-A150-9C341A90AF8C}.Release|Any CPU.Build.0 = Release|Any CPU
	EndGlobalSection
	GlobalSection(SolutionProperties) = preSolution
		HideSolutionNode = FALSE
	EndGlobalSection
	GlobalSection(ExtensibilityGlobals) = postSolution
		SolutionGuid = {4DC9094A-DF4B-415D-B7C0-D810E1DA3C55}
	EndGlobalSection
EndGlobal
